
Microsoft Visual Studio Solution File, Format Version 12.00
# Visual Studio 15
Project("{FAE04EC0-301F-11D3-BF4B-00C04F79EFBC}") = "UnityEngine.TestRunner", "UnityEngine.TestRunner.csproj", "{544687E6-1299-E068-B740-7BE2DC321583}"
EndProject
Project("{FAE04EC0-301F-11D3-BF4B-00C04F79EFBC}") = "Unity.Mathematics", "Unity.Mathematics.csproj", "{9C31BA93-8085-DFC3-B3FA-C2A98021D292}"
EndProject
Project("{FAE04EC0-301F-11D3-BF4B-00C04F79EFBC}") = "Unity.2D.Animation.Triangle.Runtime", "Unity.2D.Animation.Triangle.Runtime.csproj", "{43C20FB3-236E-9A17-8AA7-5CD26BF00930}"
EndProject
Project("{FAE04EC0-301F-11D3-BF4B-00C04F79EFBC}") = "Unity.Timeline", "Unity.Timeline.csproj", "{22A33E77-2669-1FF6-423F-928D51D13CE8}"
EndProject
Project("{FAE04EC0-301F-11D3-BF4B-00C04F79EFBC}") = "UnityEngine.UI", "UnityEngine.UI.csproj", "{DD5A79D6-E266-99E6-F21E-5FD50D2C4B36}"
EndProject
Project("{FAE04EC0-301F-11D3-BF4B-00C04F79EFBC}") = "Unity.TextMeshPro", "Unity.TextMeshPro.csproj", "{FB9905E6-C7AC-0276-75BA-14C8EBAFF9EF}"
EndProject
Project("{FAE04EC0-301F-11D3-BF4B-00C04F79EFBC}") = "Unity.2D.Animation.Runtime", "Unity.2D.Animation.Runtime.csproj", "{203EA583-95FD-2AF6-EA24-6568D3429789}"
EndProject
Project("{FAE04EC0-301F-11D3-BF4B-00C04F79EFBC}") = "Unity.2D.IK.Runtime", "Unity.2D.IK.Runtime.csproj", "{83B8A13E-824D-7CFE-689B-1835F38EEA8F}"
EndProject
Project("{FAE04EC0-301F-11D3-BF4B-00C04F79EFBC}") = "Unity.2D.SpriteShape.Runtime", "Unity.2D.SpriteShape.Runtime.csproj", "{E4D41FDB-16CF-7F07-9B04-D14EA3F0B1F1}"
EndProject
Project("{FAE04EC0-301F-11D3-BF4B-00C04F79EFBC}") = "Unity.2D.PixelPerfect", "Unity.2D.PixelPerfect.csproj", "{0234630F-EE66-7E36-048C-A81E38A45F51}"
EndProject
Project("{FAE04EC0-301F-11D3-BF4B-00C04F79EFBC}") = "Assembly-CSharp", "Assembly-CSharp.csproj", "{219DA838-0EB3-1542-A56B-D2772E199AF4}"
EndProject
Project("{FAE04EC0-301F-11D3-BF4B-00C04F79EFBC}") = "Unity.2D.Common.Runtime", "Unity.2D.Common.Runtime.csproj", "{812C7DC3-7EFD-46BB-46A6-C6DD8B51BF1F}"
EndProject
Project("{FAE04EC0-301F-11D3-BF4B-00C04F79EFBC}") = "Unity.InternalAPIEngineBridge.001", "Unity.InternalAPIEngineBridge.001.csproj", "{1902F1C8-B9AD-E30B-03A0-65287A164678}"
EndProject
Project("{FAE04EC0-301F-11D3-BF4B-00C04F79EFBC}") = "UnityEditor.TestRunner", "UnityEditor.TestRunner.csproj", "{886E9347-1CDF-8517-7FAC-D0FF520F73E5}"
EndProject
Project("{FAE04EC0-301F-11D3-BF4B-00C04F79EFBC}") = "Unity.PlasticSCM.Editor", "Unity.PlasticSCM.Editor.csproj", "{18376A97-AAE4-D6FD-76D2-26E83306AF2F}"
EndProject
Project("{FAE04EC0-301F-11D3-BF4B-00C04F79EFBC}") = "UnityEditor.UI", "UnityEditor.UI.csproj", "{99E36362-3EE5-25D3-4949-679B945570B3}"
EndProject
Project("{FAE04EC0-301F-11D3-BF4B-00C04F79EFBC}") = "Unity.Services.Core.Editor", "Unity.Services.Core.Editor.csproj", "{C1159C4E-5372-97D2-4B2D-B402B4E70A31}"
EndProject
Project("{FAE04EC0-301F-11D3-BF4B-00C04F79EFBC}") = "Unity.Timeline.Editor", "Unity.Timeline.Editor.csproj", "{3DA701D7-8E93-FBF1-4DB5-342D2F5B902D}"
EndProject
Project("{FAE04EC0-301F-11D3-BF4B-00C04F79EFBC}") = "Unity.VisualStudio.Editor", "Unity.VisualStudio.Editor.csproj", "{031ECC0A-7795-9749-DA7C-CCF498D3A126}"
EndProject
Project("{FAE04EC0-301F-11D3-BF4B-00C04F79EFBC}") = "Unity.2D.Psdimporter.Editor", "Unity.2D.Psdimporter.Editor.csproj", "{D300F793-6921-190B-737E-7DBC910E3618}"
EndProject
Project("{FAE04EC0-301F-11D3-BF4B-00C04F79EFBC}") = "Unity.2D.Animation.Editor", "Unity.2D.Animation.Editor.csproj", "{C1425550-69D0-FEFD-B85C-75F7676FBE23}"
EndProject
Project("{FAE04EC0-301F-11D3-BF4B-00C04F79EFBC}") = "Unity.TextMeshPro.Editor", "Unity.TextMeshPro.Editor.csproj", "{07D725C4-0951-B3EA-8694-601FD7354DFA}"
EndProject
Project("{FAE04EC0-301F-11D3-BF4B-00C04F79EFBC}") = "Unity.2D.SpriteShape.Editor", "Unity.2D.SpriteShape.Editor.csproj", "{1A5CAE01-AB30-B1D1-B933-6B3B0A675A17}"
EndProject
Project("{FAE04EC0-301F-11D3-BF4B-00C04F79EFBC}") = "Unity.CollabProxy.Editor", "Unity.CollabProxy.Editor.csproj", "{765C0DDE-3CC5-25DD-7896-66CCF12DF846}"
EndProject
Project("{FAE04EC0-301F-11D3-BF4B-00C04F79EFBC}") = "PsdPlugin", "PsdPlugin.csproj", "{84724D56-0495-3D2F-444A-34E9BFBB021E}"
EndProject
Project("{FAE04EC0-301F-11D3-BF4B-00C04F79EFBC}") = "Unity.2D.Path.Editor", "Unity.2D.Path.Editor.csproj", "{974552BB-87A2-D622-A14E-E59CCB251C4C}"
EndProject
Project("{FAE04EC0-301F-11D3-BF4B-00C04F79EFBC}") = "Unity.Rider.Editor", "Unity.Rider.Editor.csproj", "{EA469E93-65FF-90B5-95CB-41ED1B2B295B}"
EndProject
Project("{FAE04EC0-301F-11D3-BF4B-00C04F79EFBC}") = "Unity.2D.IK.Editor", "Unity.2D.IK.Editor.csproj", "{B34B8559-4788-247C-CB36-6F052643D654}"
EndProject
Project("{FAE04EC0-301F-11D3-BF4B-00C04F79EFBC}") = "Unity.2D.Sprite.Editor", "Unity.2D.Sprite.Editor.csproj", "{3DDE8CB2-6DEB-6E97-8AC4-9EB5F875E607}"
EndProject
Project("{FAE04EC0-301F-11D3-BF4B-00C04F79EFBC}") = "Unity.2D.Tilemap.Editor", "Unity.2D.Tilemap.Editor.csproj", "{3B8C567E-3157-71DA-E28F-65565DA1AC63}"
EndProject
Project("{FAE04EC0-301F-11D3-BF4B-00C04F79EFBC}") = "Unity.2D.PixelPerfect.Editor", "Unity.2D.PixelPerfect.Editor.csproj", "{1612CE45-0491-618F-6D23-5F5EC7AF2578}"
EndProject
Project("{FAE04EC0-301F-11D3-BF4B-00C04F79EFBC}") = "Unity.VSCode.Editor", "Unity.VSCode.Editor.csproj", "{1932836A-CD8A-C12D-DCF9-899E8A4F6007}"
EndProject
Project("{FAE04EC0-301F-11D3-BF4B-00C04F79EFBC}") = "Unity.2D.Common.Editor", "Unity.2D.Common.Editor.csproj", "{8BA80429-8FC7-BCA0-B13F-79114CA51B7B}"
EndProject
Project("{FAE04EC0-301F-11D3-BF4B-00C04F79EFBC}") = "Unity.Mathematics.Editor", "Unity.Mathematics.Editor.csproj", "{F874F58F-7AA5-27A3-AC24-EBE7C498EAE9}"
EndProject
Project("{FAE04EC0-301F-11D3-BF4B-00C04F79EFBC}") = "Unity.InternalAPIEditorBridge.001", "Unity.InternalAPIEditorBridge.001.csproj", "{6560F558-1839-740F-8F9B-AA77E5A66397}"
EndProject
Project("{FAE04EC0-301F-11D3-BF4B-00C04F79EFBC}") = "UnityEngine.TestRunner", "UnityEngine.TestRunner.Player.csproj", "{C13D242B-5079-FC5C-2024-26276ACFE084}"
EndProject
Project("{FAE04EC0-301F-11D3-BF4B-00C04F79EFBC}") = "Unity.Mathematics", "Unity.Mathematics.Player.csproj", "{B8B05C86-A188-7A3F-0981-14A3BA083BA6}"
EndProject
Project("{FAE04EC0-301F-11D3-BF4B-00C04F79EFBC}") = "Unity.2D.Animation.Triangle.Runtime", "Unity.2D.Animation.Triangle.Runtime.Player.csproj", "{322884C2-1A7D-4465-BD57-9B3F414FDC21}"
EndProject
Project("{FAE04EC0-301F-11D3-BF4B-00C04F79EFBC}") = "Unity.Timeline", "Unity.Timeline.Player.csproj", "{7DA7E6E6-2CBF-89ED-5B0E-F80221FD3612}"
EndProject
Project("{FAE04EC0-301F-11D3-BF4B-00C04F79EFBC}") = "UnityEngine.UI", "UnityEngine.UI.Player.csproj", "{4231796E-53A8-4719-E8CC-1A8A4B7D25A7}"
EndProject
Project("{FAE04EC0-301F-11D3-BF4B-00C04F79EFBC}") = "Unity.TextMeshPro", "Unity.TextMeshPro.Player.csproj", "{D94C6D3C-3E14-98FB-D264-363F94D28A1F}"
EndProject
Project("{FAE04EC0-301F-11D3-BF4B-00C04F79EFBC}") = "Unity.2D.Animation.Runtime", "Unity.2D.Animation.Runtime.Player.csproj", "{CC4F3961-3527-D1F6-01BB-B5F387C55A08}"
EndProject
Project("{FAE04EC0-301F-11D3-BF4B-00C04F79EFBC}") = "Unity.2D.IK.Runtime", "Unity.2D.IK.Runtime.Player.csproj", "{7EA2C3CE-7BF0-5398-5E70-4E48D8DB7473}"
EndProject
Project("{FAE04EC0-301F-11D3-BF4B-00C04F79EFBC}") = "Unity.2D.SpriteShape.Runtime", "Unity.2D.SpriteShape.Runtime.Player.csproj", "{5BE56867-B713-F987-B347-70AFF9FE9433}"
EndProject
Project("{FAE04EC0-301F-11D3-BF4B-00C04F79EFBC}") = "Unity.2D.PixelPerfect", "Unity.2D.PixelPerfect.Player.csproj", "{0F24ACFB-7898-7EB6-BCC8-3BAEB304B523}"
EndProject
Project("{FAE04EC0-301F-11D3-BF4B-00C04F79EFBC}") = "Assembly-CSharp", "Assembly-CSharp.Player.csproj", "{12D98A90-6EEB-27AF-A59B-62885525AD39}"
EndProject
Project("{FAE04EC0-301F-11D3-BF4B-00C04F79EFBC}") = "Unity.2D.Common.Runtime", "Unity.2D.Common.Runtime.Player.csproj", "{219E2CF1-526F-C33B-4124-6FCFFCEC406A}"
EndProject
Project("{FAE04EC0-301F-11D3-BF4B-00C04F79EFBC}") = "Unity.InternalAPIEngineBridge.001", "Unity.InternalAPIEngineBridge.001.Player.csproj", "{E4D5DC79-FD2E-0122-9FAE-E1DD7A415E1A}"
EndProject
Global
	GlobalSection(SolutionConfigurationPlatforms) = preSolution
		Debug|Any CPU = Debug|Any CPU
		Release|Any CPU = Release|Any CPU
	EndGlobalSection
	GlobalSection(ProjectConfigurationPlatforms) = postSolution
		{544687E6-1299-E068-B740-7BE2DC321583}.Debug|Any CPU.ActiveCfg = Debug|Any CPU
		{544687E6-1299-E068-B740-7BE2DC321583}.Debug|Any CPU.Build.0 = Debug|Any CPU
		{544687E6-1299-E068-B740-7BE2DC321583}.Release|Any CPU.ActiveCfg = Release|Any CPU
		{544687E6-1299-E068-B740-7BE2DC321583}.Release|Any CPU.Build.0 = Release|Any CPU
		{9C31BA93-8085-DFC3-B3FA-C2A98021D292}.Debug|Any CPU.ActiveCfg = Debug|Any CPU
		{9C31BA93-8085-DFC3-B3FA-C2A98021D292}.Debug|Any CPU.Build.0 = Debug|Any CPU
		{9C31BA93-8085-DFC3-B3FA-C2A98021D292}.Release|Any CPU.ActiveCfg = Release|Any CPU
		{9C31BA93-8085-DFC3-B3FA-C2A98021D292}.Release|Any CPU.Build.0 = Release|Any CPU
		{43C20FB3-236E-9A17-8AA7-5CD26BF00930}.Debug|Any CPU.ActiveCfg = Debug|Any CPU
		{43C20FB3-236E-9A17-8AA7-5CD26BF00930}.Debug|Any CPU.Build.0 = Debug|Any CPU
		{43C20FB3-236E-9A17-8AA7-5CD26BF00930}.Release|Any CPU.ActiveCfg = Release|Any CPU
		{43C20FB3-236E-9A17-8AA7-5CD26BF00930}.Release|Any CPU.Build.0 = Release|Any CPU
		{22A33E77-2669-1FF6-423F-928D51D13CE8}.Debug|Any CPU.ActiveCfg = Debug|Any CPU
		{22A33E77-2669-1FF6-423F-928D51D13CE8}.Debug|Any CPU.Build.0 = Debug|Any CPU
		{22A33E77-2669-1FF6-423F-928D51D13CE8}.Release|Any CPU.ActiveCfg = Release|Any CPU
		{22A33E77-2669-1FF6-423F-928D51D13CE8}.Release|Any CPU.Build.0 = Release|Any CPU
		{DD5A79D6-E266-99E6-F21E-5FD50D2C4B36}.Debug|Any CPU.ActiveCfg = Debug|Any CPU
		{DD5A79D6-E266-99E6-F21E-5FD50D2C4B36}.Debug|Any CPU.Build.0 = Debug|Any CPU
		{DD5A79D6-E266-99E6-F21E-5FD50D2C4B36}.Release|Any CPU.ActiveCfg = Release|Any CPU
		{DD5A79D6-E266-99E6-F21E-5FD50D2C4B36}.Release|Any CPU.Build.0 = Release|Any CPU
		{FB9905E6-C7AC-0276-75BA-14C8EBAFF9EF}.Debug|Any CPU.ActiveCfg = Debug|Any CPU
		{FB9905E6-C7AC-0276-75BA-14C8EBAFF9EF}.Debug|Any CPU.Build.0 = Debug|Any CPU
		{FB9905E6-C7AC-0276-75BA-14C8EBAFF9EF}.Release|Any CPU.ActiveCfg = Release|Any CPU
		{FB9905E6-C7AC-0276-75BA-14C8EBAFF9EF}.Release|Any CPU.Build.0 = Release|Any CPU
		{203EA583-95FD-2AF6-EA24-6568D3429789}.Debug|Any CPU.ActiveCfg = Debug|Any CPU
		{203EA583-95FD-2AF6-EA24-6568D3429789}.Debug|Any CPU.Build.0 = Debug|Any CPU
		{203EA583-95FD-2AF6-EA24-6568D3429789}.Release|Any CPU.ActiveCfg = Release|Any CPU
		{203EA583-95FD-2AF6-EA24-6568D3429789}.Release|Any CPU.Build.0 = Release|Any CPU
		{83B8A13E-824D-7CFE-689B-1835F38EEA8F}.Debug|Any CPU.ActiveCfg = Debug|Any CPU
		{83B8A13E-824D-7CFE-689B-1835F38EEA8F}.Debug|Any CPU.Build.0 = Debug|Any CPU
		{83B8A13E-824D-7CFE-689B-1835F38EEA8F}.Release|Any CPU.ActiveCfg = Release|Any CPU
		{83B8A13E-824D-7CFE-689B-1835F38EEA8F}.Release|Any CPU.Build.0 = Release|Any CPU
		{E4D41FDB-16CF-7F07-9B04-D14EA3F0B1F1}.Debug|Any CPU.ActiveCfg = Debug|Any CPU
		{E4D41FDB-16CF-7F07-9B04-D14EA3F0B1F1}.Debug|Any CPU.Build.0 = Debug|Any CPU
		{E4D41FDB-16CF-7F07-9B04-D14EA3F0B1F1}.Release|Any CPU.ActiveCfg = Release|Any CPU
		{E4D41FDB-16CF-7F07-9B04-D14EA3F0B1F1}.Release|Any CPU.Build.0 = Release|Any CPU
		{0234630F-EE66-7E36-048C-A81E38A45F51}.Debug|Any CPU.ActiveCfg = Debug|Any CPU
		{0234630F-EE66-7E36-048C-A81E38A45F51}.Debug|Any CPU.Build.0 = Debug|Any CPU
		{0234630F-EE66-7E36-048C-A81E38A45F51}.Release|Any CPU.ActiveCfg = Release|Any CPU
		{0234630F-EE66-7E36-048C-A81E38A45F51}.Release|Any CPU.Build.0 = Release|Any CPU
		{219DA838-0EB3-1542-A56B-D2772E199AF4}.Debug|Any CPU.ActiveCfg = Debug|Any CPU
		{219DA838-0EB3-1542-A56B-D2772E199AF4}.Debug|Any CPU.Build.0 = Debug|Any CPU
		{219DA838-0EB3-1542-A56B-D2772E199AF4}.Release|Any CPU.ActiveCfg = Release|Any CPU
		{219DA838-0EB3-1542-A56B-D2772E199AF4}.Release|Any CPU.Build.0 = Release|Any CPU
		{812C7DC3-7EFD-46BB-46A6-C6DD8B51BF1F}.Debug|Any CPU.ActiveCfg = Debug|Any CPU
		{812C7DC3-7EFD-46BB-46A6-C6DD8B51BF1F}.Debug|Any CPU.Build.0 = Debug|Any CPU
		{812C7DC3-7EFD-46BB-46A6-C6DD8B51BF1F}.Release|Any CPU.ActiveCfg = Release|Any CPU
		{812C7DC3-7EFD-46BB-46A6-C6DD8B51BF1F}.Release|Any CPU.Build.0 = Release|Any CPU
		{1902F1C8-B9AD-E30B-03A0-65287A164678}.Debug|Any CPU.ActiveCfg = Debug|Any CPU
		{1902F1C8-B9AD-E30B-03A0-65287A164678}.Debug|Any CPU.Build.0 = Debug|Any CPU
		{1902F1C8-B9AD-E30B-03A0-65287A164678}.Release|Any CPU.ActiveCfg = Release|Any CPU
		{1902F1C8-B9AD-E30B-03A0-65287A164678}.Release|Any CPU.Build.0 = Release|Any CPU
		{886E9347-1CDF-8517-7FAC-D0FF520F73E5}.Debug|Any CPU.ActiveCfg = Debug|Any CPU
		{886E9347-1CDF-8517-7FAC-D0FF520F73E5}.Debug|Any CPU.Build.0 = Debug|Any CPU
		{886E9347-1CDF-8517-7FAC-D0FF520F73E5}.Release|Any CPU.ActiveCfg = Release|Any CPU
		{886E9347-1CDF-8517-7FAC-D0FF520F73E5}.Release|Any CPU.Build.0 = Release|Any CPU
		{18376A97-AAE4-D6FD-76D2-26E83306AF2F}.Debug|Any CPU.ActiveCfg = Debug|Any CPU
		{18376A97-AAE4-D6FD-76D2-26E83306AF2F}.Debug|Any CPU.Build.0 = Debug|Any CPU
		{18376A97-AAE4-D6FD-76D2-26E83306AF2F}.Release|Any CPU.ActiveCfg = Release|Any CPU
		{18376A97-AAE4-D6FD-76D2-26E83306AF2F}.Release|Any CPU.Build.0 = Release|Any CPU
		{99E36362-3EE5-25D3-4949-679B945570B3}.Debug|Any CPU.ActiveCfg = Debug|Any CPU
		{99E36362-3EE5-25D3-4949-679B945570B3}.Debug|Any CPU.Build.0 = Debug|Any CPU
		{99E36362-3EE5-25D3-4949-679B945570B3}.Release|Any CPU.ActiveCfg = Release|Any CPU
		{99E36362-3EE5-25D3-4949-679B945570B3}.Release|Any CPU.Build.0 = Release|Any CPU
		{C1159C4E-5372-97D2-4B2D-B402B4E70A31}.Debug|Any CPU.ActiveCfg = Debug|Any CPU
		{C1159C4E-5372-97D2-4B2D-B402B4E70A31}.Debug|Any CPU.Build.0 = Debug|Any CPU
		{C1159C4E-5372-97D2-4B2D-B402B4E70A31}.Release|Any CPU.ActiveCfg = Release|Any CPU
		{C1159C4E-5372-97D2-4B2D-B402B4E70A31}.Release|Any CPU.Build.0 = Release|Any CPU
		{3DA701D7-8E93-FBF1-4DB5-342D2F5B902D}.Debug|Any CPU.ActiveCfg = Debug|Any CPU
		{3DA701D7-8E93-FBF1-4DB5-342D2F5B902D}.Debug|Any CPU.Build.0 = Debug|Any CPU
		{3DA701D7-8E93-FBF1-4DB5-342D2F5B902D}.Release|Any CPU.ActiveCfg = Release|Any CPU
		{3DA701D7-8E93-FBF1-4DB5-342D2F5B902D}.Release|Any CPU.Build.0 = Release|Any CPU
		{031ECC0A-7795-9749-DA7C-CCF498D3A126}.Debug|Any CPU.ActiveCfg = Debug|Any CPU
		{031ECC0A-7795-9749-DA7C-CCF498D3A126}.Debug|Any CPU.Build.0 = Debug|Any CPU
		{031ECC0A-7795-9749-DA7C-CCF498D3A126}.Release|Any CPU.ActiveCfg = Release|Any CPU
		{031ECC0A-7795-9749-DA7C-CCF498D3A126}.Release|Any CPU.Build.0 = Release|Any CPU
		{D300F793-6921-190B-737E-7DBC910E3618}.Debug|Any CPU.ActiveCfg = Debug|Any CPU
		{D300F793-6921-190B-737E-7DBC910E3618}.Debug|Any CPU.Build.0 = Debug|Any CPU
		{D300F793-6921-190B-737E-7DBC910E3618}.Release|Any CPU.ActiveCfg = Release|Any CPU
		{D300F793-6921-190B-737E-7DBC910E3618}.Release|Any CPU.Build.0 = Release|Any CPU
		{C1425550-69D0-FEFD-B85C-75F7676FBE23}.Debug|Any CPU.ActiveCfg = Debug|Any CPU
		{C1425550-69D0-FEFD-B85C-75F7676FBE23}.Debug|Any CPU.Build.0 = Debug|Any CPU
		{C1425550-69D0-FEFD-B85C-75F7676FBE23}.Release|Any CPU.ActiveCfg = Release|Any CPU
		{C1425550-69D0-FEFD-B85C-75F7676FBE23}.Release|Any CPU.Build.0 = Release|Any CPU
		{07D725C4-0951-B3EA-8694-601FD7354DFA}.Debug|Any CPU.ActiveCfg = Debug|Any CPU
		{07D725C4-0951-B3EA-8694-601FD7354DFA}.Debug|Any CPU.Build.0 = Debug|Any CPU
		{07D725C4-0951-B3EA-8694-601FD7354DFA}.Release|Any CPU.ActiveCfg = Release|Any CPU
		{07D725C4-0951-B3EA-8694-601FD7354DFA}.Release|Any CPU.Build.0 = Release|Any CPU
		{1A5CAE01-AB30-B1D1-B933-6B3B0A675A17}.Debug|Any CPU.ActiveCfg = Debug|Any CPU
		{1A5CAE01-AB30-B1D1-B933-6B3B0A675A17}.Debug|Any CPU.Build.0 = Debug|Any CPU
		{1A5CAE01-AB30-B1D1-B933-6B3B0A675A17}.Release|Any CPU.ActiveCfg = Release|Any CPU
		{1A5CAE01-AB30-B1D1-B933-6B3B0A675A17}.Release|Any CPU.Build.0 = Release|Any CPU
		{765C0DDE-3CC5-25DD-7896-66CCF12DF846}.Debug|Any CPU.ActiveCfg = Debug|Any CPU
		{765C0DDE-3CC5-25DD-7896-66CCF12DF846}.Debug|Any CPU.Build.0 = Debug|Any CPU
		{765C0DDE-3CC5-25DD-7896-66CCF12DF846}.Release|Any CPU.ActiveCfg = Release|Any CPU
		{765C0DDE-3CC5-25DD-7896-66CCF12DF846}.Release|Any CPU.Build.0 = Release|Any CPU
		{84724D56-0495-3D2F-444A-34E9BFBB021E}.Debug|Any CPU.ActiveCfg = Debug|Any CPU
		{84724D56-0495-3D2F-444A-34E9BFBB021E}.Debug|Any CPU.Build.0 = Debug|Any CPU
		{84724D56-0495-3D2F-444A-34E9BFBB021E}.Release|Any CPU.ActiveCfg = Release|Any CPU
		{84724D56-0495-3D2F-444A-34E9BFBB021E}.Release|Any CPU.Build.0 = Release|Any CPU
		{974552BB-87A2-D622-A14E-E59CCB251C4C}.Debug|Any CPU.ActiveCfg = Debug|Any CPU
		{974552BB-87A2-D622-A14E-E59CCB251C4C}.Debug|Any CPU.Build.0 = Debug|Any CPU
		{974552BB-87A2-D622-A14E-E59CCB251C4C}.Release|Any CPU.ActiveCfg = Release|Any CPU
		{974552BB-87A2-D622-A14E-E59CCB251C4C}.Release|Any CPU.Build.0 = Release|Any CPU
		{EA469E93-65FF-90B5-95CB-41ED1B2B295B}.Debug|Any CPU.ActiveCfg = Debug|Any CPU
		{EA469E93-65FF-90B5-95CB-41ED1B2B295B}.Debug|Any CPU.Build.0 = Debug|Any CPU
		{EA469E93-65FF-90B5-95CB-41ED1B2B295B}.Release|Any CPU.ActiveCfg = Release|Any CPU
		{EA469E93-65FF-90B5-95CB-41ED1B2B295B}.Release|Any CPU.Build.0 = Release|Any CPU
		{B34B8559-4788-247C-CB36-6F052643D654}.Debug|Any CPU.ActiveCfg = Debug|Any CPU
		{B34B8559-4788-247C-CB36-6F052643D654}.Debug|Any CPU.Build.0 = Debug|Any CPU
		{B34B8559-4788-247C-CB36-6F052643D654}.Release|Any CPU.ActiveCfg = Release|Any CPU
		{B34B8559-4788-247C-CB36-6F052643D654}.Release|Any CPU.Build.0 = Release|Any CPU
		{3DDE8CB2-6DEB-6E97-8AC4-9EB5F875E607}.Debug|Any CPU.ActiveCfg = Debug|Any CPU
		{3DDE8CB2-6DEB-6E97-8AC4-9EB5F875E607}.Debug|Any CPU.Build.0 = Debug|Any CPU
		{3DDE8CB2-6DEB-6E97-8AC4-9EB5F875E607}.Release|Any CPU.ActiveCfg = Release|Any CPU
		{3DDE8CB2-6DEB-6E97-8AC4-9EB5F875E607}.Release|Any CPU.Build.0 = Release|Any CPU
		{3B8C567E-3157-71DA-E28F-65565DA1AC63}.Debug|Any CPU.ActiveCfg = Debug|Any CPU
		{3B8C567E-3157-71DA-E28F-65565DA1AC63}.Debug|Any CPU.Build.0 = Debug|Any CPU
		{3B8C567E-3157-71DA-E28F-65565DA1AC63}.Release|Any CPU.ActiveCfg = Release|Any CPU
		{3B8C567E-3157-71DA-E28F-65565DA1AC63}.Release|Any CPU.Build.0 = Release|Any CPU
		{1612CE45-0491-618F-6D23-5F5EC7AF2578}.Debug|Any CPU.ActiveCfg = Debug|Any CPU
		{1612CE45-0491-618F-6D23-5F5EC7AF2578}.Debug|Any CPU.Build.0 = Debug|Any CPU
		{1612CE45-0491-618F-6D23-5F5EC7AF2578}.Release|Any CPU.ActiveCfg = Release|Any CPU
		{1612CE45-0491-618F-6D23-5F5EC7AF2578}.Release|Any CPU.Build.0 = Release|Any CPU
		{1932836A-CD8A-C12D-DCF9-899E8A4F6007}.Debug|Any CPU.ActiveCfg = Debug|Any CPU
		{1932836A-CD8A-C12D-DCF9-899E8A4F6007}.Debug|Any CPU.Build.0 = Debug|Any CPU
		{1932836A-CD8A-C12D-DCF9-899E8A4F6007}.Release|Any CPU.ActiveCfg = Release|Any CPU
		{1932836A-CD8A-C12D-DCF9-899E8A4F6007}.Release|Any CPU.Build.0 = Release|Any CPU
		{8BA80429-8FC7-BCA0-B13F-79114CA51B7B}.Debug|Any CPU.ActiveCfg = Debug|Any CPU
		{8BA80429-8FC7-BCA0-B13F-79114CA51B7B}.Debug|Any CPU.Build.0 = Debug|Any CPU
		{8BA80429-8FC7-BCA0-B13F-79114CA51B7B}.Release|Any CPU.ActiveCfg = Release|Any CPU
		{8BA80429-8FC7-BCA0-B13F-79114CA51B7B}.Release|Any CPU.Build.0 = Release|Any CPU
		{F874F58F-7AA5-27A3-AC24-EBE7C498EAE9}.Debug|Any CPU.ActiveCfg = Debug|Any CPU
		{F874F58F-7AA5-27A3-AC24-EBE7C498EAE9}.Debug|Any CPU.Build.0 = Debug|Any CPU
		{F874F58F-7AA5-27A3-AC24-EBE7C498EAE9}.Release|Any CPU.ActiveCfg = Release|Any CPU
		{F874F58F-7AA5-27A3-AC24-EBE7C498EAE9}.Release|Any CPU.Build.0 = Release|Any CPU
		{6560F558-1839-740F-8F9B-AA77E5A66397}.Debug|Any CPU.ActiveCfg = Debug|Any CPU
		{6560F558-1839-740F-8F9B-AA77E5A66397}.Debug|Any CPU.Build.0 = Debug|Any CPU
		{6560F558-1839-740F-8F9B-AA77E5A66397}.Release|Any CPU.ActiveCfg = Release|Any CPU
		{6560F558-1839-740F-8F9B-AA77E5A66397}.Release|Any CPU.Build.0 = Release|Any CPU
		{C13D242B-5079-FC5C-2024-26276ACFE084}.Debug|Any CPU.ActiveCfg = Debug|Any CPU
		{C13D242B-5079-FC5C-2024-26276ACFE084}.Debug|Any CPU.Build.0 = Debug|Any CPU
		{C13D242B-5079-FC5C-2024-26276ACFE084}.Release|Any CPU.ActiveCfg = Release|Any CPU
		{C13D242B-5079-FC5C-2024-26276ACFE084}.Release|Any CPU.Build.0 = Release|Any CPU
		{B8B05C86-A188-7A3F-0981-14A3BA083BA6}.Debug|Any CPU.ActiveCfg = Debug|Any CPU
		{B8B05C86-A188-7A3F-0981-14A3BA083BA6}.Debug|Any CPU.Build.0 = Debug|Any CPU
		{B8B05C86-A188-7A3F-0981-14A3BA083BA6}.Release|Any CPU.ActiveCfg = Release|Any CPU
		{B8B05C86-A188-7A3F-0981-14A3BA083BA6}.Release|Any CPU.Build.0 = Release|Any CPU
		{322884C2-1A7D-4465-BD57-9B3F414FDC21}.Debug|Any CPU.ActiveCfg = Debug|Any CPU
		{322884C2-1A7D-4465-BD57-9B3F414FDC21}.Debug|Any CPU.Build.0 = Debug|Any CPU
		{322884C2-1A7D-4465-BD57-9B3F414FDC21}.Release|Any CPU.ActiveCfg = Release|Any CPU
		{322884C2-1A7D-4465-BD57-9B3F414FDC21}.Release|Any CPU.Build.0 = Release|Any CPU
		{7DA7E6E6-2CBF-89ED-5B0E-F80221FD3612}.Debug|Any CPU.ActiveCfg = Debug|Any CPU
		{7DA7E6E6-2CBF-89ED-5B0E-F80221FD3612}.Debug|Any CPU.Build.0 = Debug|Any CPU
		{7DA7E6E6-2CBF-89ED-5B0E-F80221FD3612}.Release|Any CPU.ActiveCfg = Release|Any CPU
		{7DA7E6E6-2CBF-89ED-5B0E-F80221FD3612}.Release|Any CPU.Build.0 = Release|Any CPU
		{4231796E-53A8-4719-E8CC-1A8A4B7D25A7}.Debug|Any CPU.ActiveCfg = Debug|Any CPU
		{4231796E-53A8-4719-E8CC-1A8A4B7D25A7}.Debug|Any CPU.Build.0 = Debug|Any CPU
		{4231796E-53A8-4719-E8CC-1A8A4B7D25A7}.Release|Any CPU.ActiveCfg = Release|Any CPU
		{4231796E-53A8-4719-E8CC-1A8A4B7D25A7}.Release|Any CPU.Build.0 = Release|Any CPU
		{D94C6D3C-3E14-98FB-D264-363F94D28A1F}.Debug|Any CPU.ActiveCfg = Debug|Any CPU
		{D94C6D3C-3E14-98FB-D264-363F94D28A1F}.Debug|Any CPU.Build.0 = Debug|Any CPU
		{D94C6D3C-3E14-98FB-D264-363F94D28A1F}.Release|Any CPU.ActiveCfg = Release|Any CPU
		{D94C6D3C-3E14-98FB-D264-363F94D28A1F}.Release|Any CPU.Build.0 = Release|Any CPU
		{CC4F3961-3527-D1F6-01BB-B5F387C55A08}.Debug|Any CPU.ActiveCfg = Debug|Any CPU
		{CC4F3961-3527-D1F6-01BB-B5F387C55A08}.Debug|Any CPU.Build.0 = Debug|Any CPU
		{CC4F3961-3527-D1F6-01BB-B5F387C55A08}.Release|Any CPU.ActiveCfg = Release|Any CPU
		{CC4F3961-3527-D1F6-01BB-B5F387C55A08}.Release|Any CPU.Build.0 = Release|Any CPU
		{7EA2C3CE-7BF0-5398-5E70-4E48D8DB7473}.Debug|Any CPU.ActiveCfg = Debug|Any CPU
		{7EA2C3CE-7BF0-5398-5E70-4E48D8DB7473}.Debug|Any CPU.Build.0 = Debug|Any CPU
		{7EA2C3CE-7BF0-5398-5E70-4E48D8DB7473}.Release|Any CPU.ActiveCfg = Release|Any CPU
		{7EA2C3CE-7BF0-5398-5E70-4E48D8DB7473}.Release|Any CPU.Build.0 = Release|Any CPU
		{5BE56867-B713-F987-B347-70AFF9FE9433}.Debug|Any CPU.ActiveCfg = Debug|Any CPU
		{5BE56867-B713-F987-B347-70AFF9FE9433}.Debug|Any CPU.Build.0 = Debug|Any CPU
		{5BE56867-B713-F987-B347-70AFF9FE9433}.Release|Any CPU.ActiveCfg = Release|Any CPU
		{5BE56867-B713-F987-B347-70AFF9FE9433}.Release|Any CPU.Build.0 = Release|Any CPU
		{0F24ACFB-7898-7EB6-BCC8-3BAEB304B523}.Debug|Any CPU.ActiveCfg = Debug|Any CPU
		{0F24ACFB-7898-7EB6-BCC8-3BAEB304B523}.Debug|Any CPU.Build.0 = Debug|Any CPU
		{0F24ACFB-7898-7EB6-BCC8-3BAEB304B523}.Release|Any CPU.ActiveCfg = Release|Any CPU
		{0F24ACFB-7898-7EB6-BCC8-3BAEB304B523}.Release|Any CPU.Build.0 = Release|Any CPU
		{12D98A90-6EEB-27AF-A59B-62885525AD39}.Debug|Any CPU.ActiveCfg = Debug|Any CPU
		{12D98A90-6EEB-27AF-A59B-62885525AD39}.Debug|Any CPU.Build.0 = Debug|Any CPU
		{12D98A90-6EEB-27AF-A59B-62885525AD39}.Release|Any CPU.ActiveCfg = Release|Any CPU
		{12D98A90-6EEB-27AF-A59B-62885525AD39}.Release|Any CPU.Build.0 = Release|Any CPU
		{219E2CF1-526F-C33B-4124-6FCFFCEC406A}.Debug|Any CPU.ActiveCfg = Debug|Any CPU
		{219E2CF1-526F-C33B-4124-6FCFFCEC406A}.Debug|Any CPU.Build.0 = Debug|Any CPU
		{219E2CF1-526F-C33B-4124-6FCFFCEC406A}.Release|Any CPU.ActiveCfg = Release|Any CPU
		{219E2CF1-526F-C33B-4124-6FCFFCEC406A}.Release|Any CPU.Build.0 = Release|Any CPU
		{E4D5DC79-FD2E-0122-9FAE-E1DD7A415E1A}.Debug|Any CPU.ActiveCfg = Debug|Any CPU
		{E4D5DC79-FD2E-0122-9FAE-E1DD7A415E1A}.Debug|Any CPU.Build.0 = Debug|Any CPU
		{E4D5DC79-FD2E-0122-9FAE-E1DD7A415E1A}.Release|Any CPU.ActiveCfg = Release|Any CPU
		{E4D5DC79-FD2E-0122-9FAE-E1DD7A415E1A}.Release|Any CPU.Build.0 = Release|Any CPU
	EndGlobalSection
	GlobalSection(SolutionProperties) = preSolution
		HideSolutionNode = FALSE
	EndGlobalSection
EndGlobal
